
Microsoft Visual Studio Solution File, Format Version 12.00
# Visual Studio Version 17
VisualStudioVersion = 17.10.35027.167
MinimumVisualStudioVersion = 10.0.40219.1
Project("{FAE04EC0-301F-11D3-BF4B-00C04F79EFBC}") = "Candidate.WebAPI", "Candidate\Candidate.WebAPI.csproj", "{004B1D4C-1287-46C0-B99F-5A606174A537}"
EndProject
Project("{FAE04EC0-301F-11D3-BF4B-00C04F79EFBC}") = "Candidate.Services", "Candidate.Services\Candidate.Services.csproj", "{CB5175E0-E135-435A-B1DE-37686477F4BC}"
EndProject
Project("{FAE04EC0-301F-11D3-BF4B-00C04F79EFBC}") = "Candidate.Domain", "Candidate.Domain\Candidate.Domain.csproj", "{D158D6E7-80FF-4D58-B1F1-4E26BF94A351}"
EndProject
Project("{FAE04EC0-301F-11D3-BF4B-00C04F79EFBC}") = "Candidate.DataAccess", "Candidate.DataAccess\Candidate.DataAccess.csproj", "{42E7D986-D24B-43E2-BD32-15C9EF21E136}"
EndProject
Global
	GlobalSection(SolutionConfigurationPlatforms) = preSolution
		Debug|Any CPU = Debug|Any CPU
		Release|Any CPU = Release|Any CPU
	EndGlobalSection
	GlobalSection(ProjectConfigurationPlatforms) = postSolution
		{004B1D4C-1287-46C0-B99F-5A606174A537}.Debug|Any CPU.ActiveCfg = Debug|Any CPU
		{004B1D4C-1287-46C0-B99F-5A606174A537}.Debug|Any CPU.Build.0 = Debug|Any CPU
		{004B1D4C-1287-46C0-B99F-5A606174A537}.Release|Any CPU.ActiveCfg = Release|Any CPU
		{004B1D4C-1287-46C0-B99F-5A606174A537}.Release|Any CPU.Build.0 = Release|Any CPU
		{CB5175E0-E135-435A-B1DE-37686477F4BC}.Debug|Any CPU.ActiveCfg = Debug|Any CPU
		{CB5175E0-E135-435A-B1DE-37686477F4BC}.Debug|Any CPU.Build.0 = Debug|Any CPU
		{CB5175E0-E135-435A-B1DE-37686477F4BC}.Release|Any CPU.ActiveCfg = Release|Any CPU
		{CB5175E0-E135-435A-B1DE-37686477F4BC}.Release|Any CPU.Build.0 = Release|Any CPU
		{D158D6E7-80FF-4D58-B1F1-4E26BF94A351}.Debug|Any CPU.ActiveCfg = Debug|Any CPU
		{D158D6E7-80FF-4D58-B1F1-4E26BF94A351}.Debug|Any CPU.Build.0 = Debug|Any CPU
		{D158D6E7-80FF-4D58-B1F1-4E26BF94A351}.Release|Any CPU.ActiveCfg = Release|Any CPU
		{D158D6E7-80FF-4D58-B1F1-4E26BF94A351}.Release|Any CPU.Build.0 = Release|Any CPU
		{42E7D986-D24B-43E2-BD32-15C9EF21E136}.Debug|Any CPU.ActiveCfg = Debug|Any CPU
		{42E7D986-D24B-43E2-BD32-15C9EF21E136}.Debug|Any CPU.Build.0 = Debug|Any CPU
		{42E7D986-D24B-43E2-BD32-15C9EF21E136}.Release|Any CPU.ActiveCfg = Release|Any CPU
		{42E7D986-D24B-43E2-BD32-15C9EF21E136}.Release|Any CPU.Build.0 = Release|Any CPU
	EndGlobalSection
	GlobalSection(SolutionProperties) = preSolution
		HideSolutionNode = FALSE
	EndGlobalSection
	GlobalSection(ExtensibilityGlobals) = postSolution
		SolutionGuid = {EA3256A5-6003-4B50-959F-35560E3ADE45}
	EndGlobalSection
EndGlobal
